{
  "version": 4,
  "terraform_version": "1.12.2",
  "serial": 9,
  "lineage": "7571918f-a40d-6a7e-28f7-20cd92e9e79c",
  "outputs": {},
  "resources": [
    {
      "mode": "managed",
      "type": "docker_image",
      "name": "backend",
      "provider": "provider[\"registry.terraform.io/kreuzwerker/docker\"]",
      "instances": [
        {
          "schema_version": 0,
          "attributes": {
            "build": [],
            "force_remove": null,
            "id": "sha256:7efacfe80b06ab71bd1de6f614c0c702dbc983fd435061d5e1f3ee752d3dd70eglen510/yolo-backend:v1.0.0",
            "image_id": "sha256:7efacfe80b06ab71bd1de6f614c0c702dbc983fd435061d5e1f3ee752d3dd70e",
            "keep_locally": null,
            "name": "glen510/yolo-backend:v1.0.0",
            "platform": null,
            "pull_triggers": null,
            "repo_digest": "glen510/yolo-backend@sha256:1392f31e54fcad57e0d1aac31a3168755357e61d65a375ad14403852a6961f0b",
            "timeouts": null,
            "triggers": null
          },
          "sensitive_attributes": [],
          "identity_schema_version": 0,
          "private": "eyJlMmJmYjczMC1lY2FhLTExZTYtOGY4OC0zNDM2M2JjN2M0YzAiOnsiY3JlYXRlIjoxMjAwMDAwMDAwMDAwLCJkZWxldGUiOjEyMDAwMDAwMDAwMDAsInVwZGF0ZSI6MTIwMDAwMDAwMDAwMH19"
        }
      ]
    },
    {
      "mode": "managed",
      "type": "docker_image",
      "name": "client",
      "provider": "provider[\"registry.terraform.io/kreuzwerker/docker\"]",
      "instances": [
        {
          "schema_version": 0,
          "attributes": {
            "build": [],
            "force_remove": null,
            "id": "sha256:6ce80663dcbb143ac962cccd616307ab65e8fedd6e3f700bb9518282d478c1a4glen510/yolo-client:v1.0.0",
            "image_id": "sha256:6ce80663dcbb143ac962cccd616307ab65e8fedd6e3f700bb9518282d478c1a4",
            "keep_locally": null,
            "name": "glen510/yolo-client:v1.0.0",
            "platform": null,
            "pull_triggers": null,
            "repo_digest": "glen510/yolo-client@sha256:13d3c3477f097f9ab8f84bb3e4e7b2d6222b9c6241c605d2fd162eec493a92e4",
            "timeouts": null,
            "triggers": null
          },
          "sensitive_attributes": [],
          "identity_schema_version": 0,
          "private": "eyJlMmJmYjczMC1lY2FhLTExZTYtOGY4OC0zNDM2M2JjN2M0YzAiOnsiY3JlYXRlIjoxMjAwMDAwMDAwMDAwLCJkZWxldGUiOjEyMDAwMDAwMDAwMDAsInVwZGF0ZSI6MTIwMDAwMDAwMDAwMH19"
        }
      ]
    },
    {
      "mode": "managed",
      "type": "docker_image",
      "name": "mongo",
      "provider": "provider[\"registry.terraform.io/kreuzwerker/docker\"]",
      "instances": [
        {
          "schema_version": 0,
          "attributes": {
            "build": [],
            "force_remove": null,
            "id": "sha256:7ffa7118a17b8dafc08511f868d8b724ca8339491e2f325e0d1bfce44bd03d2fbitnami/mongodb:6.0",
            "image_id": "sha256:7ffa7118a17b8dafc08511f868d8b724ca8339491e2f325e0d1bfce44bd03d2f",
            "keep_locally": null,
            "name": "bitnami/mongodb:6.0",
            "platform": null,
            "pull_triggers": null,
            "repo_digest": "bitnami/mongodb@sha256:98fca2a5dc569ec1588a0819c1778bf453b39ded1d8e9c42c15104a3e0f44d4a",
            "timeouts": null,
            "triggers": null
          },
          "sensitive_attributes": [],
          "identity_schema_version": 0,
          "private": "eyJlMmJmYjczMC1lY2FhLTExZTYtOGY4OC0zNDM2M2JjN2M0YzAiOnsiY3JlYXRlIjoxMjAwMDAwMDAwMDAwLCJkZWxldGUiOjEyMDAwMDAwMDAwMDAsInVwZGF0ZSI6MTIwMDAwMDAwMDAwMH19"
        }
      ]
    },
    {
      "mode": "managed",
      "type": "docker_network",
      "name": "app_net",
      "provider": "provider[\"registry.terraform.io/kreuzwerker/docker\"]",
      "instances": [
        {
          "schema_version": 1,
          "attributes": {
            "attachable": false,
            "check_duplicate": null,
            "driver": "bridge",
            "id": "202f527fab82ad023feb56fa1cc99dd97478aad6694ec5bd698b4370bbeb97da",
            "ingress": false,
            "internal": false,
            "ipam_config": [
              {
                "aux_address": {},
                "gateway": "172.20.0.1",
                "ip_range": "",
                "subnet": "172.20.0.0/16"
              }
            ],
            "ipam_driver": "default",
            "ipam_options": {},
            "ipv6": false,
            "labels": [],
            "name": "app-net",
            "options": {},
            "scope": "local"
          },
          "sensitive_attributes": [],
          "identity_schema_version": 0,
          "private": "eyJzY2hlbWFfdmVyc2lvbiI6IjEifQ=="
        }
      ]
    },
    {
      "mode": "managed",
      "type": "docker_volume",
      "name": "mongo_data",
      "provider": "provider[\"registry.terraform.io/kreuzwerker/docker\"]",
      "instances": [
        {
          "schema_version": 1,
          "attributes": {
            "driver": "local",
            "driver_opts": {},
            "id": "mongo-data",
            "labels": [],
            "mountpoint": "/var/snap/docker/common/var-lib-docker/volumes/mongo-data/_data",
            "name": "mongo-data"
          },
          "sensitive_attributes": [],
          "identity_schema_version": 0,
          "private": "eyJzY2hlbWFfdmVyc2lvbiI6IjEifQ=="
        }
      ]
    }
  ],
  "check_results": null
}
